
Microsoft Visual Studio Solution File, Format Version 12.00
# Visual Studio Version 17
VisualStudioVersion = 17.4.33213.308
MinimumVisualStudioVersion = 10.0.40219.1
Project("{FAE04EC0-301F-11D3-BF4B-00C04F79EFBC}") = "Client", "Client.csproj", "{F8B695B9-5785-43FE-AA3B-7846AE34C062}"
EndProject
Global
	GlobalSection(SolutionConfigurationPlatforms) = preSolution
		Debug|Any CPU = Debug|Any CPU
		Release|Any CPU = Release|Any CPU
	EndGlobalSection
	GlobalSection(ProjectConfigurationPlatforms) = postSolution
		{F8B695B9-5785-43FE-AA3B-7846AE34C062}.Debug|Any CPU.ActiveCfg = Debug|Any CPU
		{F8B695B9-5785-43FE-AA3B-7846AE34C062}.Debug|Any CPU.Build.0 = Debug|Any CPU
		{F8B695B9-5785-43FE-AA3B-7846AE34C062}.Release|Any CPU.ActiveCfg = Release|Any CPU
		{F8B695B9-5785-43FE-AA3B-7846AE34C062}.Release|Any CPU.Build.0 = Release|Any CPU
	EndGlobalSection
	GlobalSection(SolutionProperties) = preSolution
		HideSolutionNode = FALSE
	EndGlobalSection
	GlobalSection(ExtensibilityGlobals) = postSolution
		SolutionGuid = {C78FD228-7DAE-4A4E-B066-8075EB3400DE}
	EndGlobalSection
EndGlobal
